<Solution>
  <Project Path="BackendLessons/BackendLessons.csproj" />
  <Project Path="BackendLessonsModern/BackendLessonsModern.csproj" />
  <Project Path="BankExample/BankExample.csproj" Id="6cd0e29e-4c19-4d2d-8818-c3a0c9610e55" />
  <Project Path="BrokenCode/BrokenCode.csproj" Id="a9546de9-e05a-4445-891d-903da313cba3" />
  <Project Path="HomeworkGenericTypes/HomeworkGenericTypes.csproj" Id="dfeeea03-0f1a-493b-a121-923a0f024e9a" />
</Solution>
